
Microsoft Visual Studio Solution File, Format Version 12.00
# Visual Studio Version 17
VisualStudioVersion = 17.14.36408.4 d17.14
MinimumVisualStudioVersion = 10.0.40219.1
Project("{FAE04EC0-301F-11D3-BF4B-00C04F79EFBC}") = "WordMan_VSTO", "WordMan_VSTO.csproj", "{7DF77B8D-BA24-4C23-8505-B8FA6F2433E5}"
EndProject
Global
	GlobalSection(SolutionConfigurationPlatforms) = preSolution
		Debug|Any CPU = Debug|Any CPU
		Release|Any CPU = Release|Any CPU
	EndGlobalSection
	GlobalSection(ProjectConfigurationPlatforms) = postSolution
		{7DF77B8D-BA24-4C23-8505-B8FA6F2433E5}.Debug|Any CPU.ActiveCfg = Debug|Any CPU
		{7DF77B8D-BA24-4C23-8505-B8FA6F2433E5}.Debug|Any CPU.Build.0 = Debug|Any CPU
		{7DF77B8D-BA24-4C23-8505-B8FA6F2433E5}.Release|Any CPU.ActiveCfg = Release|Any CPU
		{7DF77B8D-BA24-4C23-8505-B8FA6F2433E5}.Release|Any CPU.Build.0 = Release|Any CPU
	EndGlobalSection
	GlobalSection(SolutionProperties) = preSolution
		HideSolutionNode = FALSE
	EndGlobalSection
	GlobalSection(ExtensibilityGlobals) = postSolution
		SolutionGuid = {310E7E40-774D-4E0A-B766-D8F92CA14912}
	EndGlobalSection
EndGlobal
